
Microsoft Visual Studio Solution File, Format Version 12.00
# Visual Studio 2012
Project("{FAE04EC0-301F-11D3-BF4B-00C04F79EFBC}") = "SCORMResourceValidator", "SCORMResourceValidator\SCORMResourceValidator.csproj", "{E23D49F9-D936-4A23-B9B0-4E350ACE0703}"
EndProject
Global
	GlobalSection(SolutionConfigurationPlatforms) = preSolution
		Debug|Any CPU = Debug|Any CPU
		Release|Any CPU = Release|Any CPU
	EndGlobalSection
	GlobalSection(ProjectConfigurationPlatforms) = postSolution
		{E23D49F9-D936-4A23-B9B0-4E350ACE0703}.Debug|Any CPU.ActiveCfg = Debug|Any CPU
		{E23D49F9-D936-4A23-B9B0-4E350ACE0703}.Debug|Any CPU.Build.0 = Debug|Any CPU
		{E23D49F9-D936-4A23-B9B0-4E350ACE0703}.Release|Any CPU.ActiveCfg = Release|Any CPU
		{E23D49F9-D936-4A23-B9B0-4E350ACE0703}.Release|Any CPU.Build.0 = Release|Any CPU
	EndGlobalSection
	GlobalSection(SolutionProperties) = preSolution
		HideSolutionNode = FALSE
	EndGlobalSection
EndGlobal
